Microsoft Visual Studio Solution File, Format Version 12.00
# Visual Studio Version 17
VisualStudioVersion = 17.13.35818.85
MinimumVisualStudioVersion = 10.0.40219.1
Project("{FAE04EC0-301F-11D3-BF4B-00C04F79EFBC}") = "proyectoParcial", "proyectoParcial\proyectoParcial.csproj", "{55C8B39D-139F-4E4A-A17D-BE77BF3C404D}"
EndProject
Global
	GlobalSection(SolutionConfigurationPlatforms) = preSolution
		Debug|Any CPU = Debug|Any CPU
		Release|Any CPU = Release|Any CPU
	EndGlobalSection
	GlobalSection(ProjectConfigurationPlatforms) = postSolution
		{55C8B39D-139F-4E4A-A17D-BE77BF3C404D}.Debug|Any CPU.ActiveCfg = Debug|Any CPU
		{55C8B39D-139F-4E4A-A17D-BE77BF3C404D}.Debug|Any CPU.Build.0 = Debug|Any CPU
		{55C8B39D-139F-4E4A-A17D-BE77BF3C404D}.Release|Any CPU.ActiveCfg = Release|Any CPU
		{55C8B39D-139F-4E4A-A17D-BE77BF3C404D}.Release|Any CPU.Build.0 = Release|Any CPU
	EndGlobalSection
	GlobalSection(SolutionProperties) = preSolution
		HideSolutionNode = FALSE
	EndGlobalSection
	GlobalSection(ExtensibilityGlobals) = postSolution
		SolutionGuid = {60FBB3BA-1BF9-4187-A43A-84D5920044C0}
	EndGlobalSection
EndGlobal
